{
  "name": "regoch-websocket-examples",
  "version": "1.0.0",
  "lockfileVersion": 1,
  "requires": true,
  "dependencies": {
    "regoch-router": {
      "version": "1.0.4",
      "resolved": "https://registry.npmjs.org/regoch-router/-/regoch-router-1.0.4.tgz",
      "integrity": "sha512-M6iqzRkToVUMCweBJwq7C4N43F4xpdke2HFm5lwpncrDXorJeBFnr32z2AscHMhC88e+CMJ4CXAybJSBkj1KBw=="
    }
  }
}
