{
  "name": "regoch-websocket-examples",
  "version": "1.0.0",
  "lockfileVersion": 1,
  "requires": true,
  "dependencies": {
    "regoch-router": {
      "version": "1.0.3",
      "resolved": "https://registry.npmjs.org/regoch-router/-/regoch-router-1.0.3.tgz",
      "integrity": "sha512-YCTYgHvd+vZN4SOp6vo7CYYVNcqT5i4FA/XIfT4L/z0zvuPNr2tDzg0L0nnnqC1lr1LryZGTGU1C/5i8/Zs6FQ=="
    }
  }
}
